
Microsoft Visual Studio Solution File, Format Version 12.00
# Visual Studio Version 16
VisualStudioVersion = 16.0.29509.3
MinimumVisualStudioVersion = 10.0.40219.1
Project("{9A19103F-16F7-4668-BE54-9A1E7A4F7556}") = "Core.Plugins", "src\Core.Plugins\Core.Plugins.csproj", "{9F96E952-7543-460D-922E-87E5AB15B698}"
EndProject
Project("{2150E333-8FDC-42A3-9474-1A3956D46DE8}") = "tests", "tests", "{C5548B55-761F-4575-B25E-C0CEB940F40B}"
EndProject
Project("{9A19103F-16F7-4668-BE54-9A1E7A4F7556}") = "Core.Plugins.AutoMapper", "src\Core.Plugins.AutoMapper\Core.Plugins.AutoMapper.csproj", "{851EEF2D-BF41-473D-AD1C-19AB0AFA2294}"
EndProject
Project("{9A19103F-16F7-4668-BE54-9A1E7A4F7556}") = "Core.Plugins.FluentValidation", "src\Core.Plugins.FluentValidation\Core.Plugins.FluentValidation.csproj", "{EDE5EDCC-3367-47AF-BBD1-0903F2DAFE1A}"
EndProject
Project("{9A19103F-16F7-4668-BE54-9A1E7A4F7556}") = "Core.Plugins.FileHandling", "src\Core.Plugins.FileHandling\Core.Plugins.FileHandling.csproj", "{43DB9786-BE27-45BD-A613-0EFFE3D14758}"
EndProject
Project("{9A19103F-16F7-4668-BE54-9A1E7A4F7556}") = "Core.Plugins.NUnit", "src\Core.Plugins.NUnit\Core.Plugins.NUnit.csproj", "{1C27FD45-0627-4BD2-B9E2-6BE2B6D4056C}"
EndProject
Project("{9A19103F-16F7-4668-BE54-9A1E7A4F7556}") = "Core.Plugins.xUnit", "src\Core.Plugins.xUnit\Core.Plugins.xUnit.csproj", "{F927CAB7-150C-444B-9129-BF63BA8D648A}"
EndProject
Project("{9A19103F-16F7-4668-BE54-9A1E7A4F7556}") = "Core.Plugins.EntityFramework", "src\Core.Plugins.EntityFramework\Core.Plugins.EntityFramework.csproj", "{485EBA2A-1152-4EBE-8D87-D715228D6FAA}"
EndProject
Project("{9A19103F-16F7-4668-BE54-9A1E7A4F7556}") = "Core.Plugins.MediatR", "src\Core.Plugins.MediatR\Core.Plugins.MediatR.csproj", "{0FA29DB4-9BE4-41E7-8287-B6D171FDD2E9}"
EndProject
Project("{9A19103F-16F7-4668-BE54-9A1E7A4F7556}") = "Core.Plugins.Azure", "src\Core.Plugins.Azure\Core.Plugins.Azure.csproj", "{8B2AF92D-620C-45B7-8622-7DCEF72DA866}"
EndProject
Project("{9A19103F-16F7-4668-BE54-9A1E7A4F7556}") = "Core.Plugins.UnitTests", "tests\Core.Plugins.UnitTests\Core.Plugins.UnitTests.csproj", "{937BA1FC-8002-41A8-81CC-D4BA40C64C93}"
EndProject
Global
	GlobalSection(SolutionConfigurationPlatforms) = preSolution
		Debug|Any CPU = Debug|Any CPU
		Release|Any CPU = Release|Any CPU
	EndGlobalSection
	GlobalSection(ProjectConfigurationPlatforms) = postSolution
		{9F96E952-7543-460D-922E-87E5AB15B698}.Debug|Any CPU.ActiveCfg = Debug|Any CPU
		{9F96E952-7543-460D-922E-87E5AB15B698}.Debug|Any CPU.Build.0 = Debug|Any CPU
		{9F96E952-7543-460D-922E-87E5AB15B698}.Release|Any CPU.ActiveCfg = Release|Any CPU
		{9F96E952-7543-460D-922E-87E5AB15B698}.Release|Any CPU.Build.0 = Release|Any CPU
		{851EEF2D-BF41-473D-AD1C-19AB0AFA2294}.Debug|Any CPU.ActiveCfg = Debug|Any CPU
		{851EEF2D-BF41-473D-AD1C-19AB0AFA2294}.Debug|Any CPU.Build.0 = Debug|Any CPU
		{851EEF2D-BF41-473D-AD1C-19AB0AFA2294}.Release|Any CPU.ActiveCfg = Release|Any CPU
		{851EEF2D-BF41-473D-AD1C-19AB0AFA2294}.Release|Any CPU.Build.0 = Release|Any CPU
		{EDE5EDCC-3367-47AF-BBD1-0903F2DAFE1A}.Debug|Any CPU.ActiveCfg = Debug|Any CPU
		{EDE5EDCC-3367-47AF-BBD1-0903F2DAFE1A}.Debug|Any CPU.Build.0 = Debug|Any CPU
		{EDE5EDCC-3367-47AF-BBD1-0903F2DAFE1A}.Release|Any CPU.ActiveCfg = Release|Any CPU
		{EDE5EDCC-3367-47AF-BBD1-0903F2DAFE1A}.Release|Any CPU.Build.0 = Release|Any CPU
		{43DB9786-BE27-45BD-A613-0EFFE3D14758}.Debug|Any CPU.ActiveCfg = Debug|Any CPU
		{43DB9786-BE27-45BD-A613-0EFFE3D14758}.Debug|Any CPU.Build.0 = Debug|Any CPU
		{43DB9786-BE27-45BD-A613-0EFFE3D14758}.Release|Any CPU.ActiveCfg = Release|Any CPU
		{43DB9786-BE27-45BD-A613-0EFFE3D14758}.Release|Any CPU.Build.0 = Release|Any CPU
		{1C27FD45-0627-4BD2-B9E2-6BE2B6D4056C}.Debug|Any CPU.ActiveCfg = Debug|Any CPU
		{1C27FD45-0627-4BD2-B9E2-6BE2B6D4056C}.Debug|Any CPU.Build.0 = Debug|Any CPU
		{1C27FD45-0627-4BD2-B9E2-6BE2B6D4056C}.Release|Any CPU.ActiveCfg = Release|Any CPU
		{1C27FD45-0627-4BD2-B9E2-6BE2B6D4056C}.Release|Any CPU.Build.0 = Release|Any CPU
		{F927CAB7-150C-444B-9129-BF63BA8D648A}.Debug|Any CPU.ActiveCfg = Debug|Any CPU
		{F927CAB7-150C-444B-9129-BF63BA8D648A}.Debug|Any CPU.Build.0 = Debug|Any CPU
		{F927CAB7-150C-444B-9129-BF63BA8D648A}.Release|Any CPU.ActiveCfg = Release|Any CPU
		{F927CAB7-150C-444B-9129-BF63BA8D648A}.Release|Any CPU.Build.0 = Release|Any CPU
		{485EBA2A-1152-4EBE-8D87-D715228D6FAA}.Debug|Any CPU.ActiveCfg = Debug|Any CPU
		{485EBA2A-1152-4EBE-8D87-D715228D6FAA}.Debug|Any CPU.Build.0 = Debug|Any CPU
		{485EBA2A-1152-4EBE-8D87-D715228D6FAA}.Release|Any CPU.ActiveCfg = Release|Any CPU
		{485EBA2A-1152-4EBE-8D87-D715228D6FAA}.Release|Any CPU.Build.0 = Release|Any CPU
		{0FA29DB4-9BE4-41E7-8287-B6D171FDD2E9}.Debug|Any CPU.ActiveCfg = Debug|Any CPU
		{0FA29DB4-9BE4-41E7-8287-B6D171FDD2E9}.Debug|Any CPU.Build.0 = Debug|Any CPU
		{0FA29DB4-9BE4-41E7-8287-B6D171FDD2E9}.Release|Any CPU.ActiveCfg = Release|Any CPU
		{0FA29DB4-9BE4-41E7-8287-B6D171FDD2E9}.Release|Any CPU.Build.0 = Release|Any CPU
		{8B2AF92D-620C-45B7-8622-7DCEF72DA866}.Debug|Any CPU.ActiveCfg = Debug|Any CPU
		{8B2AF92D-620C-45B7-8622-7DCEF72DA866}.Debug|Any CPU.Build.0 = Debug|Any CPU
		{8B2AF92D-620C-45B7-8622-7DCEF72DA866}.Release|Any CPU.ActiveCfg = Release|Any CPU
		{8B2AF92D-620C-45B7-8622-7DCEF72DA866}.Release|Any CPU.Build.0 = Release|Any CPU
		{937BA1FC-8002-41A8-81CC-D4BA40C64C93}.Debug|Any CPU.ActiveCfg = Debug|Any CPU
		{937BA1FC-8002-41A8-81CC-D4BA40C64C93}.Debug|Any CPU.Build.0 = Debug|Any CPU
		{937BA1FC-8002-41A8-81CC-D4BA40C64C93}.Release|Any CPU.ActiveCfg = Release|Any CPU
		{937BA1FC-8002-41A8-81CC-D4BA40C64C93}.Release|Any CPU.Build.0 = Release|Any CPU
	EndGlobalSection
	GlobalSection(SolutionProperties) = preSolution
		HideSolutionNode = FALSE
	EndGlobalSection
	GlobalSection(NestedProjects) = preSolution
		{937BA1FC-8002-41A8-81CC-D4BA40C64C93} = {C5548B55-761F-4575-B25E-C0CEB940F40B}
	EndGlobalSection
	GlobalSection(ExtensibilityGlobals) = postSolution
		SolutionGuid = {0C6E60D3-FE38-4C97-B823-F5380E1D0B65}
	EndGlobalSection
EndGlobal
